
Microsoft Visual Studio Solution File, Format Version 12.00
# Visual Studio Version 17
VisualStudioVersion = 17.11.35222.181
MinimumVisualStudioVersion = 10.0.40219.1
Project("{FAE04EC0-301F-11D3-BF4B-00C04F79EFBC}") = "MvcMovie", "MvcMovie\MvcMovie.csproj", "{D66870F9-FB68-4B63-9650-4BA21C8A9B1D}"
EndProject
Global
	GlobalSection(SolutionConfigurationPlatforms) = preSolution
		Debug|Any CPU = Debug|Any CPU
		Release|Any CPU = Release|Any CPU
	EndGlobalSection
	GlobalSection(ProjectConfigurationPlatforms) = postSolution
		{D66870F9-FB68-4B63-9650-4BA21C8A9B1D}.Debug|Any CPU.ActiveCfg = Debug|Any CPU
		{D66870F9-FB68-4B63-9650-4BA21C8A9B1D}.Debug|Any CPU.Build.0 = Debug|Any CPU
		{D66870F9-FB68-4B63-9650-4BA21C8A9B1D}.Release|Any CPU.ActiveCfg = Release|Any CPU
		{D66870F9-FB68-4B63-9650-4BA21C8A9B1D}.Release|Any CPU.Build.0 = Release|Any CPU
	EndGlobalSection
	GlobalSection(SolutionProperties) = preSolution
		HideSolutionNode = FALSE
	EndGlobalSection
	GlobalSection(ExtensibilityGlobals) = postSolution
		SolutionGuid = {72B6F09A-2D1D-454B-8C80-9CCA3B15D9D5}
	EndGlobalSection
EndGlobal
